{
  "nodes": {
    "flake-utils": {
      "locked": {
        "lastModified": 1659877975,
        "narHash": "sha256-zllb8aq3YO3h8B/U0/J1WBgAL8EX5yWf5pMj3G0NAmc=",
        "owner": "numtide",
        "repo": "flake-utils",
        "rev": "c0e246b9b83f637f4681389ecabcb2681b4f3af0",
        "type": "github"
      },
      "original": {
        "owner": "numtide",
        "repo": "flake-utils",
        "type": "github"
      }
    },
    "hardware": {
      "locked": {
        "lastModified": 1671631481,
        "narHash": "sha256-LP6NvQQNKdqDpXngECo6oCiWfYRb0KPGM5+D5lu7mPw=",
        "owner": "nixos",
        "repo": "nixos-hardware",
        "rev": "9577ab1eaf01a738b015a7a7ab2a4616e158b6cd",
        "type": "github"
      },
      "original": {
        "owner": "nixos",
        "repo": "nixos-hardware",
        "type": "github"
      }
    },
    "home-manager": {
      "inputs": {
        "nixpkgs": [
          "nixpkgs"
        ],
        "utils": "utils"
      },
      "locked": {
        "lastModified": 1671831633,
        "narHash": "sha256-tANQOkJnlqK4M83KvvXFMFrIbR0xkloqXY5ruqzR3kE=",
        "owner": "nix-community",
        "repo": "home-manager",
        "rev": "d7eee202e597bc7789498a8664082cf0ffedaa8f",
        "type": "github"
      },
      "original": {
        "owner": "nix-community",
        "repo": "home-manager",
        "type": "github"
      }
    },
    "nixpkgs": {
      "locked": {
        "lastModified": 1671722432,
        "narHash": "sha256-ojcZUekIQeOZkHHzR81st7qxX99dB1Eaaq6PU5MNeKc=",
        "owner": "nixos",
        "repo": "nixpkgs",
        "rev": "652e92b8064949a11bc193b90b74cb727f2a1405",
        "type": "github"
      },
      "original": {
        "owner": "nixos",
        "ref": "nixos-unstable",
        "repo": "nixpkgs",
        "type": "github"
      }
    },
    "nixpkgs_2": {
      "locked": {
        "lastModified": 1661151577,
        "narHash": "sha256-++S0TuJtuz9IpqP8rKktWyHZKpgdyrzDFUXVY07MTRI=",
        "owner": "NixOS",
        "repo": "nixpkgs",
        "rev": "54060e816971276da05970a983487a25810c38a7",
        "type": "github"
      },
      "original": {
        "owner": "NixOS",
        "ref": "nixpkgs-unstable",
        "repo": "nixpkgs",
        "type": "github"
      }
    },
    "root": {
      "inputs": {
        "hardware": "hardware",
        "home-manager": "home-manager",
        "nixpkgs": "nixpkgs",
        "zig": "zig"
      }
    },
    "utils": {
      "locked": {
        "lastModified": 1667395993,
        "narHash": "sha256-nuEHfE/LcWyuSWnS8t12N1wc105Qtau+/OdUAjtQ0rA=",
        "owner": "numtide",
        "repo": "flake-utils",
        "rev": "5aed5285a952e0b949eb3ba02c12fa4fcfef535f",
        "type": "github"
      },
      "original": {
        "owner": "numtide",
        "repo": "flake-utils",
        "type": "github"
      }
    },
    "zig": {
      "inputs": {
        "flake-utils": "flake-utils",
        "nixpkgs": "nixpkgs_2"
      },
      "locked": {
        "lastModified": 1671797275,
        "narHash": "sha256-LUcIgDJLL6pJEhhYEATXk9555tp6VMzpB9uiApQ4lJ4=",
        "owner": "mitchellh",
        "repo": "zig-overlay",
        "rev": "cc6694b432a262b667284a773d1e8248b0ee1799",
        "type": "github"
      },
      "original": {
        "owner": "mitchellh",
        "repo": "zig-overlay",
        "type": "github"
      }
    }
  },
  "root": "root",
  "version": 7
}
